{
  "name": "statemachine",
  "version": "1.0.0",
  "lockfileVersion": 1,
  "requires": true,
  "dependencies": {
    "xstate": {
      "version": "3.2.1",
      "resolved": "https://registry.npmjs.org/xstate/-/xstate-3.2.1.tgz",
      "integrity": "sha512-vqC0FOP0msbvJqKICWWoY8CfM5uDa/2IW0Uk18QxhZvxc3RVPIXnqViLpSIz4l0Erm8SRUUdyfBuXOl/zpbrOw=="
    }
  }
}
