{
  "name": "statemachine",
  "version": "1.0.0",
  "lockfileVersion": 1,
  "requires": true,
  "dependencies": {
    "xstate": {
      "version": "3.3.1",
      "resolved": "https://registry.npmjs.org/xstate/-/xstate-3.3.1.tgz",
      "integrity": "sha512-GzSw3RIIWmHjmRSH4LiNm4c1QE1crH5cN6OKHDSEr4OMxF0xoH6KcHQSdR5QJAU0wwB13k3oqNA3Sb7MUHRGuQ=="
    }
  }
}
